
Microsoft Visual Studio Solution File, Format Version 12.00
# Visual Studio Version 16
VisualStudioVersion = 16.0.30711.63
MinimumVisualStudioVersion = 10.0.40219.1
Project("{FAE04EC0-301F-11D3-BF4B-00C04F79EFBC}") = "Pedido", "Pedido\Pedido.csproj", "{B9277B62-56D3-42C4-91AE-D9C5CFDD2C37}"
EndProject
Project("{FAE04EC0-301F-11D3-BF4B-00C04F79EFBC}") = "Catalogo", "Catalogo\Catalogo.csproj", "{62705BD3-598A-4F78-AE93-C36DBFB58AD8}"
EndProject
Project("{FAE04EC0-301F-11D3-BF4B-00C04F79EFBC}") = "Gateway", "Gateway\Gateway.csproj", "{CDB6A922-A340-4D44-AA85-24A954D74FE3}"
EndProject
Global
	GlobalSection(SolutionConfigurationPlatforms) = preSolution
		Debug|Any CPU = Debug|Any CPU
		Release|Any CPU = Release|Any CPU
	EndGlobalSection
	GlobalSection(ProjectConfigurationPlatforms) = postSolution
		{B9277B62-56D3-42C4-91AE-D9C5CFDD2C37}.Debug|Any CPU.ActiveCfg = Debug|Any CPU
		{B9277B62-56D3-42C4-91AE-D9C5CFDD2C37}.Debug|Any CPU.Build.0 = Debug|Any CPU
		{B9277B62-56D3-42C4-91AE-D9C5CFDD2C37}.Release|Any CPU.ActiveCfg = Release|Any CPU
		{B9277B62-56D3-42C4-91AE-D9C5CFDD2C37}.Release|Any CPU.Build.0 = Release|Any CPU
		{62705BD3-598A-4F78-AE93-C36DBFB58AD8}.Debug|Any CPU.ActiveCfg = Debug|Any CPU
		{62705BD3-598A-4F78-AE93-C36DBFB58AD8}.Debug|Any CPU.Build.0 = Debug|Any CPU
		{62705BD3-598A-4F78-AE93-C36DBFB58AD8}.Release|Any CPU.ActiveCfg = Release|Any CPU
		{62705BD3-598A-4F78-AE93-C36DBFB58AD8}.Release|Any CPU.Build.0 = Release|Any CPU
		{CDB6A922-A340-4D44-AA85-24A954D74FE3}.Debug|Any CPU.ActiveCfg = Debug|Any CPU
		{CDB6A922-A340-4D44-AA85-24A954D74FE3}.Debug|Any CPU.Build.0 = Debug|Any CPU
		{CDB6A922-A340-4D44-AA85-24A954D74FE3}.Release|Any CPU.ActiveCfg = Release|Any CPU
		{CDB6A922-A340-4D44-AA85-24A954D74FE3}.Release|Any CPU.Build.0 = Release|Any CPU
	EndGlobalSection
	GlobalSection(SolutionProperties) = preSolution
		HideSolutionNode = FALSE
	EndGlobalSection
	GlobalSection(ExtensibilityGlobals) = postSolution
		SolutionGuid = {5F391AD1-EDD5-4A3F-A676-B9B32CAA3663}
	EndGlobalSection
EndGlobal
